
Microsoft Visual Studio Solution File, Format Version 12.00
# Visual Studio Version 17
VisualStudioVersion = 17.0.31903.59
MinimumVisualStudioVersion = 10.0.40219.1
Project("{FAE04EC0-301F-11D3-BF4B-00C04F79EFBC}") = "ConsoleApp1", "ConsoleApp1\ConsoleApp1.csproj", "{70C752B2-6DC5-466D-B883-331AC83E57F6}"
EndProject
Global
	GlobalSection(SolutionConfigurationPlatforms) = preSolution
		Debug|Any CPU = Debug|Any CPU
		Release|Any CPU = Release|Any CPU
	EndGlobalSection
	GlobalSection(ProjectConfigurationPlatforms) = postSolution
		{70C752B2-6DC5-466D-B883-331AC83E57F6}.Debug|Any CPU.ActiveCfg = Debug|Any CPU
		{70C752B2-6DC5-466D-B883-331AC83E57F6}.Debug|Any CPU.Build.0 = Debug|Any CPU
		{70C752B2-6DC5-466D-B883-331AC83E57F6}.Release|Any CPU.ActiveCfg = Release|Any CPU
		{70C752B2-6DC5-466D-B883-331AC83E57F6}.Release|Any CPU.Build.0 = Release|Any CPU
	EndGlobalSection
	GlobalSection(SolutionProperties) = preSolution
		HideSolutionNode = FALSE
	EndGlobalSection
	GlobalSection(ExtensibilityGlobals) = postSolution
		SolutionGuid = {043B65E5-3EDA-4458-A8AE-90F46E354C69}
	EndGlobalSection
EndGlobal
